
Microsoft Visual Studio Solution File, Format Version 12.00
# Visual Studio 15
VisualStudioVersion = 15.0.27004.2009
MinimumVisualStudioVersion = 10.0.40219.1
Project("{FAE04EC0-301F-11D3-BF4B-00C04F79EFBC}") = "WebAgenda", "WebAgenda\WebAgenda.csproj", "{EB9B87AC-C17F-4A79-8D2D-4F131DE021D9}"
EndProject
Global
	GlobalSection(SolutionConfigurationPlatforms) = preSolution
		Debug|Any CPU = Debug|Any CPU
		Release|Any CPU = Release|Any CPU
	EndGlobalSection
	GlobalSection(ProjectConfigurationPlatforms) = postSolution
		{EB9B87AC-C17F-4A79-8D2D-4F131DE021D9}.Debug|Any CPU.ActiveCfg = Debug|Any CPU
		{EB9B87AC-C17F-4A79-8D2D-4F131DE021D9}.Debug|Any CPU.Build.0 = Debug|Any CPU
		{EB9B87AC-C17F-4A79-8D2D-4F131DE021D9}.Release|Any CPU.ActiveCfg = Release|Any CPU
		{EB9B87AC-C17F-4A79-8D2D-4F131DE021D9}.Release|Any CPU.Build.0 = Release|Any CPU
	EndGlobalSection
	GlobalSection(SolutionProperties) = preSolution
		HideSolutionNode = FALSE
	EndGlobalSection
	GlobalSection(ExtensibilityGlobals) = postSolution
		SolutionGuid = {E3F5A8D3-921C-4C4C-A416-E03A74217050}
	EndGlobalSection
EndGlobal
